
Microsoft Visual Studio Solution File, Format Version 12.00
# Visual Studio Version 17
VisualStudioVersion = 17.0.31903.59
MinimumVisualStudioVersion = 10.0.40219.1
Project("{FAE04EC0-301F-11D3-BF4B-00C04F79EFBC}") = "BeerCollection.API", "BeerCollection.API\BeerCollection.API.csproj", "{F5BF9C94-57C7-45BC-A2AB-AE9F5ACF4582}"
EndProject
Project("{FAE04EC0-301F-11D3-BF4B-00C04F79EFBC}") = "BeerCollection.Domain", "BeerCollection.Domain\BeerCollection.Domain.csproj", "{26278244-BF9C-4494-92DF-1C62B2A3858F}"
EndProject
Project("{FAE04EC0-301F-11D3-BF4B-00C04F79EFBC}") = "BeerCollection.Application", "BeerCollection.Application\BeerCollection.Application.csproj", "{7AD60129-FCF5-4494-8D19-693CD5698F62}"
EndProject
Project("{FAE04EC0-301F-11D3-BF4B-00C04F79EFBC}") = "BeerCollection.Infrastructure", "BeerCollection.Infrastructure\BeerCollection.Infrastructure.csproj", "{35DC350C-EEA5-46CA-BD4A-7913A30FC0CC}"
EndProject
Global
	GlobalSection(SolutionConfigurationPlatforms) = preSolution
		Debug|Any CPU = Debug|Any CPU
		Release|Any CPU = Release|Any CPU
	EndGlobalSection
	GlobalSection(SolutionProperties) = preSolution
		HideSolutionNode = FALSE
	EndGlobalSection
	GlobalSection(ProjectConfigurationPlatforms) = postSolution
		{F5BF9C94-57C7-45BC-A2AB-AE9F5ACF4582}.Debug|Any CPU.ActiveCfg = Debug|Any CPU
		{F5BF9C94-57C7-45BC-A2AB-AE9F5ACF4582}.Debug|Any CPU.Build.0 = Debug|Any CPU
		{F5BF9C94-57C7-45BC-A2AB-AE9F5ACF4582}.Release|Any CPU.ActiveCfg = Release|Any CPU
		{F5BF9C94-57C7-45BC-A2AB-AE9F5ACF4582}.Release|Any CPU.Build.0 = Release|Any CPU
		{26278244-BF9C-4494-92DF-1C62B2A3858F}.Debug|Any CPU.ActiveCfg = Debug|Any CPU
		{26278244-BF9C-4494-92DF-1C62B2A3858F}.Debug|Any CPU.Build.0 = Debug|Any CPU
		{26278244-BF9C-4494-92DF-1C62B2A3858F}.Release|Any CPU.ActiveCfg = Release|Any CPU
		{26278244-BF9C-4494-92DF-1C62B2A3858F}.Release|Any CPU.Build.0 = Release|Any CPU
		{7AD60129-FCF5-4494-8D19-693CD5698F62}.Debug|Any CPU.ActiveCfg = Debug|Any CPU
		{7AD60129-FCF5-4494-8D19-693CD5698F62}.Debug|Any CPU.Build.0 = Debug|Any CPU
		{7AD60129-FCF5-4494-8D19-693CD5698F62}.Release|Any CPU.ActiveCfg = Release|Any CPU
		{7AD60129-FCF5-4494-8D19-693CD5698F62}.Release|Any CPU.Build.0 = Release|Any CPU
		{35DC350C-EEA5-46CA-BD4A-7913A30FC0CC}.Debug|Any CPU.ActiveCfg = Debug|Any CPU
		{35DC350C-EEA5-46CA-BD4A-7913A30FC0CC}.Debug|Any CPU.Build.0 = Debug|Any CPU
		{35DC350C-EEA5-46CA-BD4A-7913A30FC0CC}.Release|Any CPU.ActiveCfg = Release|Any CPU
		{35DC350C-EEA5-46CA-BD4A-7913A30FC0CC}.Release|Any CPU.Build.0 = Release|Any CPU
	EndGlobalSection
EndGlobal
